# This file was autogenerated by Stack.
# You should not edit this file by hand.
# For more information, please see the documentation at:
#   https://docs.haskellstack.org/en/stable/lock_files

packages:
- completed:
    hackage: gf-3.10@sha256:6f851dfaab5e1f9d4f3796515b86f78806a2bb305136a902713dfc2b92d9cfb0,8477
    pantry-tree:
      size: 64924
      sha256: 66332577ff42a42eed767f451f53266e1020b72749cdcdf7387933615d5de091
  original:
    hackage: gf-3.10
- completed:
    hackage: cgi-3001.3.0.3@sha256:4f3768d09e4a6620642588cab2e99d83c1b6b542dad6147d0af9532170036115,2076
    pantry-tree:
      size: 667
      sha256: 65f6fd4574cffd1e5e2490c133b7ba58fd2fea0a65d81f1fa6fe14f08025629b
  original:
    hackage: cgi-3001.3.0.3
- completed:
    hackage: parsec-numbers-0.1.0@sha256:60fa05b1c16050dffd0e28cecb682a021eeec1be6f34dc9d901a38c90182f289,727
    pantry-tree:
      size: 281
      sha256: 436569c1d85f65785085f9f58ca44064001fb6f68b5cfe30670574ba45644f4c
  original:
    hackage: parsec-numbers-0.1.0@sha256:60fa05b1c16050dffd0e28cecb682a021eeec1be6f34dc9d901a38c90182f289,727
snapshots:
- completed:
    size: 509471
    url: https://raw.githubusercontent.com/commercialhaskell/stackage-snapshots/master/lts/12/26.yaml
    sha256: 95f014df58d0679b1c4a2b7bf2b652b61da8d30de5f571abb0d59015ef678646
  original: lts-12.26
